
Microsoft Visual Studio Solution File, Format Version 12.00
# Visual Studio Version 16
VisualStudioVersion = 16.0.30804.86
MinimumVisualStudioVersion = 10.0.40219.1
Project("{9A19103F-16F7-4668-BE54-9A1E7A4F7556}") = "WebSocket.CoreApi", "WebSocket.CoreApi\WebSocket.CoreApi.csproj", "{D400F4C4-5350-442E-81F8-C6AEA6A255E0}"
EndProject
Project("{FAE04EC0-301F-11D3-BF4B-00C04F79EFBC}") = "WebSocket.NetApi", "WebSocket.NetApi\WebSocket.NetApi.csproj", "{42113134-677F-4C5B-9959-4B8A27A2AEA0}"
EndProject
Global
	GlobalSection(SolutionConfigurationPlatforms) = preSolution
		Debug|Any CPU = Debug|Any CPU
		Release|Any CPU = Release|Any CPU
	EndGlobalSection
	GlobalSection(ProjectConfigurationPlatforms) = postSolution
		{D400F4C4-5350-442E-81F8-C6AEA6A255E0}.Debug|Any CPU.ActiveCfg = Debug|Any CPU
		{D400F4C4-5350-442E-81F8-C6AEA6A255E0}.Debug|Any CPU.Build.0 = Debug|Any CPU
		{D400F4C4-5350-442E-81F8-C6AEA6A255E0}.Release|Any CPU.ActiveCfg = Release|Any CPU
		{D400F4C4-5350-442E-81F8-C6AEA6A255E0}.Release|Any CPU.Build.0 = Release|Any CPU
		{42113134-677F-4C5B-9959-4B8A27A2AEA0}.Debug|Any CPU.ActiveCfg = Debug|Any CPU
		{42113134-677F-4C5B-9959-4B8A27A2AEA0}.Debug|Any CPU.Build.0 = Debug|Any CPU
		{42113134-677F-4C5B-9959-4B8A27A2AEA0}.Release|Any CPU.ActiveCfg = Release|Any CPU
		{42113134-677F-4C5B-9959-4B8A27A2AEA0}.Release|Any CPU.Build.0 = Release|Any CPU
	EndGlobalSection
	GlobalSection(SolutionProperties) = preSolution
		HideSolutionNode = FALSE
	EndGlobalSection
	GlobalSection(ExtensibilityGlobals) = postSolution
		SolutionGuid = {D2C7F9AE-8528-4956-87D4-0E8EB899C6CC}
	EndGlobalSection
EndGlobal
